// !$*UTF8*$!
{
	archiveVersion = 1;
	classes = {
	};
	objectVersion = 56;
	objects = {

/* Begin PBXBuildFile section */
		B0F375712A82E4FF008C9C97 /* Little_Lemon_App_FinalApp.swift in Sources */ = {isa = PBXBuildFile; fileRef = B0F375702A82E4FF008C9C97 /* Little_Lemon_App_FinalApp.swift */; };
		B0F375732A82E4FF008C9C97 /* MainView.swift in Sources */ = {isa = PBXBuildFile; fileRef = B0F375722A82E4FF008C9C97 /* MainView.swift */; };
		B0F375752A82E501008C9C97 /* Assets.xcassets in Resources */ = {isa = PBXBuildFile; fileRef = B0F375742A82E501008C9C97 /* Assets.xcassets */; };
		B0F375782A82E501008C9C97 /* Preview Assets.xcassets in Resources */ = {isa = PBXBuildFile; fileRef = B0F375772A82E501008C9C97 /* Preview Assets.xcassets */; };
		B0F375852A82E725008C9C97 /* LocationsView.swift in Sources */ = {isa = PBXBuildFile; fileRef = B0F375842A82E725008C9C97 /* LocationsView.swift */; };
		B0F375882A82E82D008C9C97 /* Reservation.swift in Sources */ = {isa = PBXBuildFile; fileRef = B0F375872A82E82D008C9C97 /* Reservation.swift */; };
		B0F3758B2A82E876008C9C97 /* RestaurantLocation.swift in Sources */ = {isa = PBXBuildFile; fileRef = B0F3758A2A82E876008C9C97 /* RestaurantLocation.swift */; };
		B0F3758D2A82E8A3008C9C97 /* RestaurantView.swift in Sources */ = {isa = PBXBuildFile; fileRef = B0F3758C2A82E8A3008C9C97 /* RestaurantView.swift */; };
		B0F3758F2A82E8CD008C9C97 /* ReservationView.swift in Sources */ = {isa = PBXBuildFile; fileRef = B0F3758E2A82E8CD008C9C97 /* ReservationView.swift */; };
		B0F375912A82E8F2008C9C97 /* Model.swift in Sources */ = {isa = PBXBuildFile; fileRef = B0F375902A82E8F2008C9C97 /* Model.swift */; };
		B0F375932A82E90C008C9C97 /* LittleLemonLogo.swift in Sources */ = {isa = PBXBuildFile; fileRef = B0F375922A82E90C008C9C97 /* LittleLemonLogo.swift */; };
		B0F375952A82E93F008C9C97 /* ReservationForm.swift in Sources */ = {isa = PBXBuildFile; fileRef = B0F375942A82E93F008C9C97 /* ReservationForm.swift */; };
/* End PBXBuildFile section */

/* Begin PBXFileReference section */
		B0F3756D2A82E4FF008C9C97 /* Little Lemon App Final.app */ = {isa = PBXFileReference; explicitFileType = wrapper.application; includeInIndex = 0; path = "Little Lemon App Final.app"; sourceTree = BUILT_PRODUCTS_DIR; };
		B0F375702A82E4FF008C9C97 /* Little_Lemon_App_FinalApp.swift */ = {isa = PBXFileReference; lastKnownFileType = sourcecode.swift; path = Little_Lemon_App_FinalApp.swift; sourceTree = "<group>"; };
		B0F375722A82E4FF008C9C97 /* MainView.swift */ = {isa = PBXFileReference; lastKnownFileType = sourcecode.swift; path = MainView.swift; sourceTree = "<group>"; };
		B0F375742A82E501008C9C97 /* Assets.xcassets */ = {isa = PBXFileReference; lastKnownFileType = folder.assetcatalog; path = Assets.xcassets; sourceTree = "<group>"; };
		B0F375772A82E501008C9C97 /* Preview Assets.xcassets */ = {isa = PBXFileReference; lastKnownFileType = folder.assetcatalog; path = "Preview Assets.xcassets"; sourceTree = "<group>"; };
		B0F375842A82E725008C9C97 /* LocationsView.swift */ = {isa = PBXFileReference; lastKnownFileType = sourcecode.swift; path = LocationsView.swift; sourceTree = "<group>"; };
		B0F375872A82E82D008C9C97 /* Reservation.swift */ = {isa = PBXFileReference; lastKnownFileType = sourcecode.swift; path = Reservation.swift; sourceTree = "<group>"; };
		B0F3758A2A82E876008C9C97 /* RestaurantLocation.swift */ = {isa = PBXFileReference; lastKnownFileType = sourcecode.swift; path = RestaurantLocation.swift; sourceTree = "<group>"; };
		B0F3758C2A82E8A3008C9C97 /* RestaurantView.swift */ = {isa = PBXFileReference; lastKnownFileType = sourcecode.swift; path = RestaurantView.swift; sourceTree = "<group>"; };
		B0F3758E2A82E8CD008C9C97 /* ReservationView.swift */ = {isa = PBXFileReference; lastKnownFileType = sourcecode.swift; path = ReservationView.swift; sourceTree = "<group>"; };
		B0F375902A82E8F2008C9C97 /* Model.swift */ = {isa = PBXFileReference; lastKnownFileType = sourcecode.swift; path = Model.swift; sourceTree = "<group>"; };
		B0F375922A82E90C008C9C97 /* LittleLemonLogo.swift */ = {isa = PBXFileReference; lastKnownFileType = sourcecode.swift; path = LittleLemonLogo.swift; sourceTree = "<group>"; };
		B0F375942A82E93F008C9C97 /* ReservationForm.swift */ = {isa = PBXFileReference; lastKnownFileType = sourcecode.swift; path = ReservationForm.swift; sourceTree = "<group>"; };
/* End PBXFileReference section */

/* Begin PBXFrameworksBuildPhase section */
		B0F3756A2A82E4FF008C9C97 /* Frameworks */ = {
			isa = PBXFrameworksBuildPhase;
			buildActionMask = 2147483647;
			files = (
			);
			runOnlyForDeploymentPostprocessing = 0;
		};
/* End PBXFrameworksBuildPhase section */

/* Begin PBXGroup section */
		B0F375642A82E4FF008C9C97 = {
			isa = PBXGroup;
			children = (
				B0F3756F2A82E4FF008C9C97 /* Little Lemon App Final */,
				B0F3756E2A82E4FF008C9C97 /* Products */,
			);
			sourceTree = "<group>";
		};
		B0F3756E2A82E4FF008C9C97 /* Products */ = {
			isa = PBXGroup;
			children = (
				B0F3756D2A82E4FF008C9C97 /* Little Lemon App Final.app */,
			);
			name = Products;
			sourceTree = "<group>";
		};
		B0F3756F2A82E4FF008C9C97 /* Little Lemon App Final */ = {
			isa = PBXGroup;
			children = (
				B0F375742A82E501008C9C97 /* Assets.xcassets */,
				B0F375892A82E858008C9C97 /* RESTAURANT */,
				B0F375862A82E7EF008C9C97 /* RESERVATION */,
				B0F375702A82E4FF008C9C97 /* Little_Lemon_App_FinalApp.swift */,
				B0F375722A82E4FF008C9C97 /* MainView.swift */,
				B0F375842A82E725008C9C97 /* LocationsView.swift */,
				B0F375902A82E8F2008C9C97 /* Model.swift */,
				B0F375922A82E90C008C9C97 /* LittleLemonLogo.swift */,
				B0F375762A82E501008C9C97 /* Preview Content */,
			);
			path = "Little Lemon App Final";
			sourceTree = "<group>";
		};
		B0F375762A82E501008C9C97 /* Preview Content */ = {
			isa = PBXGroup;
			children = (
				B0F375772A82E501008C9C97 /* Preview Assets.xcassets */,
			);
			path = "Preview Content";
			sourceTree = "<group>";
		};
		B0F375862A82E7EF008C9C97 /* RESERVATION */ = {
			isa = PBXGroup;
			children = (
				B0F375872A82E82D008C9C97 /* Reservation.swift */,
				B0F3758E2A82E8CD008C9C97 /* ReservationView.swift */,
				B0F375942A82E93F008C9C97 /* ReservationForm.swift */,
			);
			path = RESERVATION;
			sourceTree = "<group>";
		};
		B0F375892A82E858008C9C97 /* RESTAURANT */ = {
			isa = PBXGroup;
			children = (
				B0F3758A2A82E876008C9C97 /* RestaurantLocation.swift */,
				B0F3758C2A82E8A3008C9C97 /* RestaurantView.swift */,
			);
			path = RESTAURANT;
			sourceTree = "<group>";
		};
/* End PBXGroup section */

/* Begin PBXNativeTarget section */
		B0F3756C2A82E4FF008C9C97 /* Little Lemon App Final */ = {
			isa = PBXNativeTarget;
			buildConfigurationList = B0F3757B2A82E501008C9C97 /* Build configuration list for PBXNativeTarget "Little Lemon App Final" */;
			buildPhases = (
				B0F375692A82E4FF008C9C97 /* Sources */,
				B0F3756A2A82E4FF008C9C97 /* Frameworks */,
				B0F3756B2A82E4FF008C9C97 /* Resources */,
			);
			buildRules = (
			);
			dependencies = (
			);
			name = "Little Lemon App Final";
			productName = "Little Lemon App Final";
			productReference = B0F3756D2A82E4FF008C9C97 /* Little Lemon App Final.app */;
			productType = "com.apple.product-type.application";
		};
/* End PBXNativeTarget section */

/* Begin PBXProject section */
		B0F375652A82E4FF008C9C97 /* Project object */ = {
			isa = PBXProject;
			attributes = {
				BuildIndependentTargetsInParallel = 1;
				LastSwiftUpdateCheck = 1430;
				LastUpgradeCheck = 1430;
				TargetAttributes = {
					B0F3756C2A82E4FF008C9C97 = {
						CreatedOnToolsVersion = 14.3.1;
					};
				};
			};
			buildConfigurationList = B0F375682A82E4FF008C9C97 /* Build configuration list for PBXProject "Little Lemon App Final" */;
			compatibilityVersion = "Xcode 14.0";
			developmentRegion = en;
			hasScannedForEncodings = 0;
			knownRegions = (
				en,
				Base,
			);
			mainGroup = B0F375642A82E4FF008C9C97;
			productRefGroup = B0F3756E2A82E4FF008C9C97 /* Products */;
			projectDirPath = "";
			projectRoot = "";
			targets = (
				B0F3756C2A82E4FF008C9C97 /* Little Lemon App Final */,
			);
		};
/* End PBXProject section */

/* Begin PBXResourcesBuildPhase section */
		B0F3756B2A82E4FF008C9C97 /* Resources */ = {
			isa = PBXResourcesBuildPhase;
			buildActionMask = 2147483647;
			files = (
				B0F375782A82E501008C9C97 /* Preview Assets.xcassets in Resources */,
				B0F375752A82E501008C9C97 /* Assets.xcassets in Resources */,
			);
			runOnlyForDeploymentPostprocessing = 0;
		};
/* End PBXResourcesBuildPhase section */

/* Begin PBXSourcesBuildPhase section */
		B0F375692A82E4FF008C9C97 /* Sources */ = {
			isa = PBXSourcesBuildPhase;
			buildActionMask = 2147483647;
			files = (
				B0F375852A82E725008C9C97 /* LocationsView.swift in Sources */,
				B0F375932A82E90C008C9C97 /* LittleLemonLogo.swift in Sources */,
				B0F375732A82E4FF008C9C97 /* MainView.swift in Sources */,
				B0F3758F2A82E8CD008C9C97 /* ReservationView.swift in Sources */,
				B0F375882A82E82D008C9C97 /* Reservation.swift in Sources */,
				B0F3758B2A82E876008C9C97 /* RestaurantLocation.swift in Sources */,
				B0F375952A82E93F008C9C97 /* ReservationForm.swift in Sources */,
				B0F375712A82E4FF008C9C97 /* Little_Lemon_App_FinalApp.swift in Sources */,
				B0F3758D2A82E8A3008C9C97 /* RestaurantView.swift in Sources */,
				B0F375912A82E8F2008C9C97 /* Model.swift in Sources */,
			);
			runOnlyForDeploymentPostprocessing = 0;
		};
/* End PBXSourcesBuildPhase section */

/* Begin XCBuildConfiguration section */
		B0F375792A82E501008C9C97 /* Debug */ = {
			isa = XCBuildConfiguration;
			buildSettings = {
				ALWAYS_SEARCH_USER_PATHS = NO;
				CLANG_ANALYZER_NONNULL = YES;
				CLANG_ANALYZER_NUMBER_OBJECT_CONVERSION = YES_AGGRESSIVE;
				CLANG_CXX_LANGUAGE_STANDARD = "gnu++20";
				CLANG_ENABLE_MODULES = YES;
				CLANG_ENABLE_OBJC_ARC = YES;
				CLANG_ENABLE_OBJC_WEAK = YES;
				CLANG_WARN_BLOCK_CAPTURE_AUTORELEASING = YES;
				CLANG_WARN_BOOL_CONVERSION = YES;
				CLANG_WARN_COMMA = YES;
				CLANG_WARN_CONSTANT_CONVERSION = YES;
				CLANG_WARN_DEPRECATED_OBJC_IMPLEMENTATIONS = YES;
				CLANG_WARN_DIRECT_OBJC_ISA_USAGE = YES_ERROR;
				CLANG_WARN_DOCUMENTATION_COMMENTS = YES;
				CLANG_WARN_EMPTY_BODY = YES;
				CLANG_WARN_ENUM_CONVERSION = YES;
				CLANG_WARN_INFINITE_RECURSION = YES;
				CLANG_WARN_INT_CONVERSION = YES;
				CLANG_WARN_NON_LITERAL_NULL_CONVERSION = YES;
				CLANG_WARN_OBJC_IMPLICIT_RETAIN_SELF = YES;
				CLANG_WARN_OBJC_LITERAL_CONVERSION = YES;
				CLANG_WARN_OBJC_ROOT_CLASS = YES_ERROR;
				CLANG_WARN_QUOTED_INCLUDE_IN_FRAMEWORK_HEADER = YES;
				CLANG_WARN_RANGE_LOOP_ANALYSIS = YES;
				CLANG_WARN_STRICT_PROTOTYPES = YES;
				CLANG_WARN_SUSPICIOUS_MOVE = YES;
				CLANG_WARN_UNGUARDED_AVAILABILITY = YES_AGGRESSIVE;
				CLANG_WARN_UNREACHABLE_CODE = YES;
				CLANG_WARN__DUPLICATE_METHOD_MATCH = YES;
				COPY_PHASE_STRIP = NO;
				DEBUG_INFORMATION_FORMAT = dwarf;
				ENABLE_STRICT_OBJC_MSGSEND = YES;
				ENABLE_TESTABILITY = YES;
				GCC_C_LANGUAGE_STANDARD = gnu11;
				GCC_DYNAMIC_NO_PIC = NO;
				GCC_NO_COMMON_BLOCKS = YES;
				GCC_OPTIMIZATION_LEVEL = 0;
				GCC_PREPROCESSOR_DEFINITIONS = (
					"DEBUG=1",
					"$(inherited)",
				);
				GCC_WARN_64_TO_32_BIT_CONVERSION = YES;
				GCC_WARN_ABOUT_RETURN_TYPE = YES_ERROR;
				GCC_WARN_UNDECLARED_SELECTOR = YES;
				GCC_WARN_UNINITIALIZED_AUTOS = YES_AGGRESSIVE;
				GCC_WARN_UNUSED_FUNCTION = YES;
				GCC_WARN_UNUSED_VARIABLE = YES;
				IPHONEOS_DEPLOYMENT_TARGET = 16.4;
				MTL_ENABLE_DEBUG_INFO = INCLUDE_SOURCE;
				MTL_FAST_MATH = YES;
				ONLY_ACTIVE_ARCH = YES;
				SDKROOT = iphoneos;
				SWIFT_ACTIVE_COMPILATION_CONDITIONS = DEBUG;
				SWIFT_OPTIMIZATION_LEVEL = "-Onone";
			};
			name = Debug;
		};
		B0F3757A2A82E501008C9C97 /* Release */ = {
			isa = XCBuildConfiguration;
			buildSettings = {
				ALWAYS_SEARCH_USER_PATHS = NO;
				CLANG_ANALYZER_NONNULL = YES;
				CLANG_ANALYZER_NUMBER_OBJECT_CONVERSION = YES_AGGRESSIVE;
				CLANG_CXX_LANGUAGE_STANDARD = "gnu++20";
				CLANG_ENABLE_MODULES = YES;
				CLANG_ENABLE_OBJC_ARC = YES;
				CLANG_ENABLE_OBJC_WEAK = YES;
				CLANG_WARN_BLOCK_CAPTURE_AUTORELEASING = YES;
				CLANG_WARN_BOOL_CONVERSION = YES;
				CLANG_WARN_COMMA = YES;
				CLANG_WARN_CONSTANT_CONVERSION = YES;
				CLANG_WARN_DEPRECATED_OBJC_IMPLEMENTATIONS = YES;
				CLANG_WARN_DIRECT_OBJC_ISA_USAGE = YES_ERROR;
				CLANG_WARN_DOCUMENTATION_COMMENTS = YES;
				CLANG_WARN_EMPTY_BODY = YES;
				CLANG_WARN_ENUM_CONVERSION = YES;
				CLANG_WARN_INFINITE_RECURSION = YES;
				CLANG_WARN_INT_CONVERSION = YES;
				CLANG_WARN_NON_LITERAL_NULL_CONVERSION = YES;
				CLANG_WARN_OBJC_IMPLICIT_RETAIN_SELF = YES;
				CLANG_WARN_OBJC_LITERAL_CONVERSION = YES;
				CLANG_WARN_OBJC_ROOT_CLASS = YES_ERROR;
				CLANG_WARN_QUOTED_INCLUDE_IN_FRAMEWORK_HEADER = YES;
				CLANG_WARN_RANGE_LOOP_ANALYSIS = YES;
				CLANG_WARN_STRICT_PROTOTYPES = YES;
				CLANG_WARN_SUSPICIOUS_MOVE = YES;
				CLANG_WARN_UNGUARDED_AVAILABILITY = YES_AGGRESSIVE;
				CLANG_WARN_UNREACHABLE_CODE = YES;
				CLANG_WARN__DUPLICATE_METHOD_MATCH = YES;
				COPY_PHASE_STRIP = NO;
				DEBUG_INFORMATION_FORMAT = "dwarf-with-dsym";
				ENABLE_NS_ASSERTIONS = NO;
				ENABLE_STRICT_OBJC_MSGSEND = YES;
				GCC_C_LANGUAGE_STANDARD = gnu11;
				GCC_NO_COMMON_BLOCKS = YES;
				GCC_WARN_64_TO_32_BIT_CONVERSION = YES;
				GCC_WARN_ABOUT_RETURN_TYPE = YES_ERROR;
				GCC_WARN_UNDECLARED_SELECTOR = YES;
				GCC_WARN_UNINITIALIZED_AUTOS = YES_AGGRESSIVE;
				GCC_WARN_UNUSED_FUNCTION = YES;
				GCC_WARN_UNUSED_VARIABLE = YES;
				IPHONEOS_DEPLOYMENT_TARGET = 16.4;
				MTL_ENABLE_DEBUG_INFO = NO;
				MTL_FAST_MATH = YES;
				SDKROOT = iphoneos;
				SWIFT_COMPILATION_MODE = wholemodule;
				SWIFT_OPTIMIZATION_LEVEL = "-O";
				VALIDATE_PRODUCT = YES;
			};
			name = Release;
		};
		B0F3757C2A82E501008C9C97 /* Debug */ = {
			isa = XCBuildConfiguration;
			buildSettings = {
				ASSETCATALOG_COMPILER_APPICON_NAME = AppIcon;
				ASSETCATALOG_COMPILER_GLOBAL_ACCENT_COLOR_NAME = AccentColor;
				CODE_SIGN_STYLE = Automatic;
				CURRENT_PROJECT_VERSION = 1;
				DEVELOPMENT_ASSET_PATHS = "\"Little Lemon App Final/Preview Content\"";
				DEVELOPMENT_TEAM = A8ZD77ZW5Y;
				ENABLE_PREVIEWS = YES;
				GENERATE_INFOPLIST_FILE = YES;
				INFOPLIST_KEY_UIApplicationSceneManifest_Generation = YES;
				INFOPLIST_KEY_UIApplicationSupportsIndirectInputEvents = YES;
				INFOPLIST_KEY_UILaunchScreen_Generation = YES;
				INFOPLIST_KEY_UISupportedInterfaceOrientations_iPad = "UIInterfaceOrientationPortrait UIInterfaceOrientationPortraitUpsideDown UIInterfaceOrientationLandscapeLeft UIInterfaceOrientationLandscapeRight";
				INFOPLIST_KEY_UISupportedInterfaceOrientations_iPhone = "UIInterfaceOrientationPortrait UIInterfaceOrientationLandscapeLeft UIInterfaceOrientationLandscapeRight";
				LD_RUNPATH_SEARCH_PATHS = (
					"$(inherited)",
					"@executable_path/Frameworks",
				);
				MARKETING_VERSION = 1.0;
				PRODUCT_BUNDLE_IDENTIFIER = "cv5.coursera.Little-Lemon-App-Final";
				PRODUCT_NAME = "$(TARGET_NAME)";
				SWIFT_EMIT_LOC_STRINGS = YES;
				SWIFT_VERSION = 5.0;
				TARGETED_DEVICE_FAMILY = "1,2";
			};
			name = Debug;
		};
		B0F3757D2A82E501008C9C97 /* Release */ = {
			isa = XCBuildConfiguration;
			buildSettings = {
				ASSETCATALOG_COMPILER_APPICON_NAME = AppIcon;
				ASSETCATALOG_COMPILER_GLOBAL_ACCENT_COLOR_NAME = AccentColor;
				CODE_SIGN_STYLE = Automatic;
				CURRENT_PROJECT_VERSION = 1;
				DEVELOPMENT_ASSET_PATHS = "\"Little Lemon App Final/Preview Content\"";
				DEVELOPMENT_TEAM = A8ZD77ZW5Y;
				ENABLE_PREVIEWS = YES;
				GENERATE_INFOPLIST_FILE = YES;
				INFOPLIST_KEY_UIApplicationSceneManifest_Generation = YES;
				INFOPLIST_KEY_UIApplicationSupportsIndirectInputEvents = YES;
				INFOPLIST_KEY_UILaunchScreen_Generation = YES;
				INFOPLIST_KEY_UISupportedInterfaceOrientations_iPad = "UIInterfaceOrientationPortrait UIInterfaceOrientationPortraitUpsideDown UIInterfaceOrientationLandscapeLeft UIInterfaceOrientationLandscapeRight";
				INFOPLIST_KEY_UISupportedInterfaceOrientations_iPhone = "UIInterfaceOrientationPortrait UIInterfaceOrientationLandscapeLeft UIInterfaceOrientationLandscapeRight";
				LD_RUNPATH_SEARCH_PATHS = (
					"$(inherited)",
					"@executable_path/Frameworks",
				);
				MARKETING_VERSION = 1.0;
				PRODUCT_BUNDLE_IDENTIFIER = "cv5.coursera.Little-Lemon-App-Final";
				PRODUCT_NAME = "$(TARGET_NAME)";
				SWIFT_EMIT_LOC_STRINGS = YES;
				SWIFT_VERSION = 5.0;
				TARGETED_DEVICE_FAMILY = "1,2";
			};
			name = Release;
		};
/* End XCBuildConfiguration section */

/* Begin XCConfigurationList section */
		B0F375682A82E4FF008C9C97 /* Build configuration list for PBXProject "Little Lemon App Final" */ = {
			isa = XCConfigurationList;
			buildConfigurations = (
				B0F375792A82E501008C9C97 /* Debug */,
				B0F3757A2A82E501008C9C97 /* Release */,
			);
			defaultConfigurationIsVisible = 0;
			defaultConfigurationName = Release;
		};
		B0F3757B2A82E501008C9C97 /* Build configuration list for PBXNativeTarget "Little Lemon App Final" */ = {
			isa = XCConfigurationList;
			buildConfigurations = (
				B0F3757C2A82E501008C9C97 /* Debug */,
				B0F3757D2A82E501008C9C97 /* Release */,
			);
			defaultConfigurationIsVisible = 0;
			defaultConfigurationName = Release;
		};
/* End XCConfigurationList section */
	};
	rootObject = B0F375652A82E4FF008C9C97 /* Project object */;
}
